
Microsoft Visual Studio Solution File, Format Version 12.00
# Visual Studio 14
VisualStudioVersion = 14.0.23107.0
MinimumVisualStudioVersion = 10.0.40219.1
Project("{FAE04EC0-301F-11D3-BF4B-00C04F79EFBC}") = "TIMEmSYSTEM.SemanticLogging.Mongo", "sources\TIMEmSYSTEM.SemanticLogging.Mongo\TIMEmSYSTEM.SemanticLogging.Mongo.csproj", "{EB898919-8AF9-45EC-9620-4B025D65BCD6}"
EndProject
Project("{FAE04EC0-301F-11D3-BF4B-00C04F79EFBC}") = "TIMEmSYSTEM.SemanticLogging.Mongo.Tests", "sources\TIMEmSYSTEM.SemanticLogging.Mongo.Tests\TIMEmSYSTEM.SemanticLogging.Mongo.Tests.csproj", "{9DBA45E5-DA75-4FD5-8FA0-DE4DC03FF6AB}"
EndProject
Global
	GlobalSection(SolutionConfigurationPlatforms) = preSolution
		Debug|Any CPU = Debug|Any CPU
		Release|Any CPU = Release|Any CPU
	EndGlobalSection
	GlobalSection(ProjectConfigurationPlatforms) = postSolution
		{EB898919-8AF9-45EC-9620-4B025D65BCD6}.Debug|Any CPU.ActiveCfg = Debug|Any CPU
		{EB898919-8AF9-45EC-9620-4B025D65BCD6}.Debug|Any CPU.Build.0 = Debug|Any CPU
		{EB898919-8AF9-45EC-9620-4B025D65BCD6}.Release|Any CPU.ActiveCfg = Release|Any CPU
		{EB898919-8AF9-45EC-9620-4B025D65BCD6}.Release|Any CPU.Build.0 = Release|Any CPU
		{9DBA45E5-DA75-4FD5-8FA0-DE4DC03FF6AB}.Debug|Any CPU.ActiveCfg = Debug|Any CPU
		{9DBA45E5-DA75-4FD5-8FA0-DE4DC03FF6AB}.Debug|Any CPU.Build.0 = Debug|Any CPU
		{9DBA45E5-DA75-4FD5-8FA0-DE4DC03FF6AB}.Release|Any CPU.ActiveCfg = Release|Any CPU
		{9DBA45E5-DA75-4FD5-8FA0-DE4DC03FF6AB}.Release|Any CPU.Build.0 = Release|Any CPU
	EndGlobalSection
	GlobalSection(SolutionProperties) = preSolution
		HideSolutionNode = FALSE
	EndGlobalSection
EndGlobal
